
Microsoft Visual Studio Solution File, Format Version 11.00
# Visual Studio 2010
Project("{FAE04EC0-301F-11D3-BF4B-00C04F79EFBC}") = "SerialProgram", "SerialProgram.csproj", "{F40F68AB-ACB5-4857-9B9F-58A5720B8B3C}"
EndProject
Global
	GlobalSection(SolutionConfigurationPlatforms) = preSolution
		Debug|x86 = Debug|x86
		Release|x86 = Release|x86
	EndGlobalSection
	GlobalSection(ProjectConfigurationPlatforms) = postSolution
		{F40F68AB-ACB5-4857-9B9F-58A5720B8B3C}.Debug|x86.ActiveCfg = Debug|x86
		{F40F68AB-ACB5-4857-9B9F-58A5720B8B3C}.Debug|x86.Build.0 = Debug|x86
		{F40F68AB-ACB5-4857-9B9F-58A5720B8B3C}.Release|x86.ActiveCfg = Release|x86
		{F40F68AB-ACB5-4857-9B9F-58A5720B8B3C}.Release|x86.Build.0 = Release|x86
	EndGlobalSection
	GlobalSection(SolutionProperties) = preSolution
		HideSolutionNode = FALSE
	EndGlobalSection
EndGlobal
